
Microsoft Visual Studio Solution File, Format Version 12.00
# Visual Studio Version 17
VisualStudioVersion = 17.8.34316.72
MinimumVisualStudioVersion = 10.0.40219.1
Project("{9A19103F-16F7-4668-BE54-9A1E7A4F7556}") = "LeetCodePratice", "LeetCodePratice.csproj", "{5E4CF95B-D361-4DC5-8F9A-6C10D87FA5DA}"
EndProject
Global
	GlobalSection(SolutionConfigurationPlatforms) = preSolution
		Debug|Any CPU = Debug|Any CPU
		Release|Any CPU = Release|Any CPU
	EndGlobalSection
	GlobalSection(ProjectConfigurationPlatforms) = postSolution
		{5E4CF95B-D361-4DC5-8F9A-6C10D87FA5DA}.Debug|Any CPU.ActiveCfg = Debug|Any CPU
		{5E4CF95B-D361-4DC5-8F9A-6C10D87FA5DA}.Debug|Any CPU.Build.0 = Debug|Any CPU
		{5E4CF95B-D361-4DC5-8F9A-6C10D87FA5DA}.Release|Any CPU.ActiveCfg = Release|Any CPU
		{5E4CF95B-D361-4DC5-8F9A-6C10D87FA5DA}.Release|Any CPU.Build.0 = Release|Any CPU
	EndGlobalSection
	GlobalSection(SolutionProperties) = preSolution
		HideSolutionNode = FALSE
	EndGlobalSection
	GlobalSection(ExtensibilityGlobals) = postSolution
		SolutionGuid = {E8588272-DD86-46C8-9185-E1A9C75AB412}
	EndGlobalSection
EndGlobal
